
Microsoft Visual Studio Solution File, Format Version 12.00
# Visual Studio Version 16
VisualStudioVersion = 16.0.30128.74
MinimumVisualStudioVersion = 10.0.40219.1
Project("{F184B08F-C81C-45F6-A57F-5ABD9991F28F}") = "EasyHTML", "EasyHTML\EasyHTML.vbproj", "{7AB32BAA-FB70-418C-A491-98146EC88376}"
EndProject
Project("{F184B08F-C81C-45F6-A57F-5ABD9991F28F}") = "EasyNodeJS", "EasyNodeJS\EasyNodeJS.vbproj", "{A94E32FD-4764-4586-B775-1BE356308844}"
EndProject
Project("{F184B08F-C81C-45F6-A57F-5ABD9991F28F}") = "EasyChangelog", "EasyChangelog\EasyChangelog.vbproj", "{195C1C3D-A173-438C-91D5-C1B90A468A62}"
EndProject
Project("{F184B08F-C81C-45F6-A57F-5ABD9991F28F}") = "Easy Software Suite Launcher", "Easy Software Suite Launcher\Easy Software Suite Launcher.vbproj", "{19C4FD2D-2C36-4C5E-99E2-145008843AAC}"
EndProject
Project("{F184B08F-C81C-45F6-A57F-5ABD9991F28F}") = "EasyPresskit", "EasyPresskit\EasyPresskit.vbproj", "{26FEBB86-104F-4EF7-B387-4AE05808D214}"
EndProject
Project("{930C7802-8A8C-48F9-8165-68863BCCD9DD}") = "Easy Software Suite Installer", "Easy Software Suite Installer\Easy Software Suite Installer.wixproj", "{764438EE-2492-4FC0-993A-77B71025A7C9}"
EndProject
Project("{F184B08F-C81C-45F6-A57F-5ABD9991F28F}") = "EasyGit", "EasyGit\EasyGit.vbproj", "{0B82128D-720D-45DB-9942-0C6D4D50745C}"
EndProject
Global
	GlobalSection(SolutionConfigurationPlatforms) = preSolution
		Debug|Any CPU = Debug|Any CPU
		Debug|x86 = Debug|x86
		Release|Any CPU = Release|Any CPU
		Release|x86 = Release|x86
	EndGlobalSection
	GlobalSection(ProjectConfigurationPlatforms) = postSolution
		{7AB32BAA-FB70-418C-A491-98146EC88376}.Debug|Any CPU.ActiveCfg = Debug|Any CPU
		{7AB32BAA-FB70-418C-A491-98146EC88376}.Debug|Any CPU.Build.0 = Debug|Any CPU
		{7AB32BAA-FB70-418C-A491-98146EC88376}.Debug|x86.ActiveCfg = Debug|Any CPU
		{7AB32BAA-FB70-418C-A491-98146EC88376}.Debug|x86.Build.0 = Debug|Any CPU
		{7AB32BAA-FB70-418C-A491-98146EC88376}.Release|Any CPU.ActiveCfg = Release|Any CPU
		{7AB32BAA-FB70-418C-A491-98146EC88376}.Release|Any CPU.Build.0 = Release|Any CPU
		{7AB32BAA-FB70-418C-A491-98146EC88376}.Release|x86.ActiveCfg = Release|Any CPU
		{7AB32BAA-FB70-418C-A491-98146EC88376}.Release|x86.Build.0 = Release|Any CPU
		{A94E32FD-4764-4586-B775-1BE356308844}.Debug|Any CPU.ActiveCfg = Debug|Any CPU
		{A94E32FD-4764-4586-B775-1BE356308844}.Debug|Any CPU.Build.0 = Debug|Any CPU
		{A94E32FD-4764-4586-B775-1BE356308844}.Debug|x86.ActiveCfg = Debug|Any CPU
		{A94E32FD-4764-4586-B775-1BE356308844}.Debug|x86.Build.0 = Debug|Any CPU
		{A94E32FD-4764-4586-B775-1BE356308844}.Release|Any CPU.ActiveCfg = Release|Any CPU
		{A94E32FD-4764-4586-B775-1BE356308844}.Release|Any CPU.Build.0 = Release|Any CPU
		{A94E32FD-4764-4586-B775-1BE356308844}.Release|x86.ActiveCfg = Release|Any CPU
		{A94E32FD-4764-4586-B775-1BE356308844}.Release|x86.Build.0 = Release|Any CPU
		{195C1C3D-A173-438C-91D5-C1B90A468A62}.Debug|Any CPU.ActiveCfg = Debug|Any CPU
		{195C1C3D-A173-438C-91D5-C1B90A468A62}.Debug|Any CPU.Build.0 = Debug|Any CPU
		{195C1C3D-A173-438C-91D5-C1B90A468A62}.Debug|x86.ActiveCfg = Debug|Any CPU
		{195C1C3D-A173-438C-91D5-C1B90A468A62}.Debug|x86.Build.0 = Debug|Any CPU
		{195C1C3D-A173-438C-91D5-C1B90A468A62}.Release|Any CPU.ActiveCfg = Release|Any CPU
		{195C1C3D-A173-438C-91D5-C1B90A468A62}.Release|Any CPU.Build.0 = Release|Any CPU
		{195C1C3D-A173-438C-91D5-C1B90A468A62}.Release|x86.ActiveCfg = Release|Any CPU
		{195C1C3D-A173-438C-91D5-C1B90A468A62}.Release|x86.Build.0 = Release|Any CPU
		{19C4FD2D-2C36-4C5E-99E2-145008843AAC}.Debug|Any CPU.ActiveCfg = Debug|Any CPU
		{19C4FD2D-2C36-4C5E-99E2-145008843AAC}.Debug|Any CPU.Build.0 = Debug|Any CPU
		{19C4FD2D-2C36-4C5E-99E2-145008843AAC}.Debug|x86.ActiveCfg = Debug|Any CPU
		{19C4FD2D-2C36-4C5E-99E2-145008843AAC}.Debug|x86.Build.0 = Debug|Any CPU
		{19C4FD2D-2C36-4C5E-99E2-145008843AAC}.Release|Any CPU.ActiveCfg = Release|Any CPU
		{19C4FD2D-2C36-4C5E-99E2-145008843AAC}.Release|Any CPU.Build.0 = Release|Any CPU
		{19C4FD2D-2C36-4C5E-99E2-145008843AAC}.Release|x86.ActiveCfg = Release|Any CPU
		{19C4FD2D-2C36-4C5E-99E2-145008843AAC}.Release|x86.Build.0 = Release|Any CPU
		{26FEBB86-104F-4EF7-B387-4AE05808D214}.Debug|Any CPU.ActiveCfg = Debug|Any CPU
		{26FEBB86-104F-4EF7-B387-4AE05808D214}.Debug|Any CPU.Build.0 = Debug|Any CPU
		{26FEBB86-104F-4EF7-B387-4AE05808D214}.Debug|x86.ActiveCfg = Debug|Any CPU
		{26FEBB86-104F-4EF7-B387-4AE05808D214}.Debug|x86.Build.0 = Debug|Any CPU
		{26FEBB86-104F-4EF7-B387-4AE05808D214}.Release|Any CPU.ActiveCfg = Release|Any CPU
		{26FEBB86-104F-4EF7-B387-4AE05808D214}.Release|Any CPU.Build.0 = Release|Any CPU
		{26FEBB86-104F-4EF7-B387-4AE05808D214}.Release|x86.ActiveCfg = Release|Any CPU
		{26FEBB86-104F-4EF7-B387-4AE05808D214}.Release|x86.Build.0 = Release|Any CPU
		{764438EE-2492-4FC0-993A-77B71025A7C9}.Debug|Any CPU.ActiveCfg = Debug|x86
		{764438EE-2492-4FC0-993A-77B71025A7C9}.Debug|x86.ActiveCfg = Debug|x86
		{764438EE-2492-4FC0-993A-77B71025A7C9}.Debug|x86.Build.0 = Debug|x86
		{764438EE-2492-4FC0-993A-77B71025A7C9}.Release|Any CPU.ActiveCfg = Release|x86
		{764438EE-2492-4FC0-993A-77B71025A7C9}.Release|x86.ActiveCfg = Release|x86
		{764438EE-2492-4FC0-993A-77B71025A7C9}.Release|x86.Build.0 = Release|x86
		{0B82128D-720D-45DB-9942-0C6D4D50745C}.Debug|Any CPU.ActiveCfg = Debug|Any CPU
		{0B82128D-720D-45DB-9942-0C6D4D50745C}.Debug|Any CPU.Build.0 = Debug|Any CPU
		{0B82128D-720D-45DB-9942-0C6D4D50745C}.Debug|x86.ActiveCfg = Debug|Any CPU
		{0B82128D-720D-45DB-9942-0C6D4D50745C}.Debug|x86.Build.0 = Debug|Any CPU
		{0B82128D-720D-45DB-9942-0C6D4D50745C}.Release|Any CPU.ActiveCfg = Release|Any CPU
		{0B82128D-720D-45DB-9942-0C6D4D50745C}.Release|Any CPU.Build.0 = Release|Any CPU
		{0B82128D-720D-45DB-9942-0C6D4D50745C}.Release|x86.ActiveCfg = Release|Any CPU
		{0B82128D-720D-45DB-9942-0C6D4D50745C}.Release|x86.Build.0 = Release|Any CPU
	EndGlobalSection
	GlobalSection(SolutionProperties) = preSolution
		HideSolutionNode = FALSE
	EndGlobalSection
	GlobalSection(ExtensibilityGlobals) = postSolution
		SolutionGuid = {FD5C9B03-0EA9-4CA2-8CBF-3B7FFD5EBD6D}
	EndGlobalSection
EndGlobal
